
Microsoft Visual Studio Solution File, Format Version 12.00
# Visual Studio Version 16
VisualStudioVersion = 16.0.30309.148
MinimumVisualStudioVersion = 10.0.40219.1
Project("{9A19103F-16F7-4668-BE54-9A1E7A4F7556}") = "CoreUI", "CoreDemo\CoreUI.csproj", "{257F2D8F-5C67-4494-8212-03986654D891}"
EndProject
Project("{9A19103F-16F7-4668-BE54-9A1E7A4F7556}") = "EntityLayer", "EntityLayer\EntityLayer.csproj", "{7294EF4D-CC6F-4F80-B44E-1F17D3F85D54}"
EndProject
Project("{9A19103F-16F7-4668-BE54-9A1E7A4F7556}") = "DataAccessLayer", "DataAccessLayer\DataAccessLayer.csproj", "{9994944A-9B64-48D3-BD7D-3BC1AB9C44CF}"
EndProject
Project("{9A19103F-16F7-4668-BE54-9A1E7A4F7556}") = "BusinessLayer", "BusinessLayer\BusinessLayer.csproj", "{61E1C9BE-5FB6-46CB-8760-95CDA07E131B}"
EndProject
Project("{9A19103F-16F7-4668-BE54-9A1E7A4F7556}") = "CoreLayer", "CoreLayer\CoreLayer.csproj", "{A04FF16C-9779-49FB-AC59-D4B6C30EFE2E}"
EndProject
Global
	GlobalSection(SolutionConfigurationPlatforms) = preSolution
		Debug|Any CPU = Debug|Any CPU
		Release|Any CPU = Release|Any CPU
	EndGlobalSection
	GlobalSection(ProjectConfigurationPlatforms) = postSolution
		{257F2D8F-5C67-4494-8212-03986654D891}.Debug|Any CPU.ActiveCfg = Debug|Any CPU
		{257F2D8F-5C67-4494-8212-03986654D891}.Debug|Any CPU.Build.0 = Debug|Any CPU
		{257F2D8F-5C67-4494-8212-03986654D891}.Release|Any CPU.ActiveCfg = Release|Any CPU
		{257F2D8F-5C67-4494-8212-03986654D891}.Release|Any CPU.Build.0 = Release|Any CPU
		{7294EF4D-CC6F-4F80-B44E-1F17D3F85D54}.Debug|Any CPU.ActiveCfg = Debug|Any CPU
		{7294EF4D-CC6F-4F80-B44E-1F17D3F85D54}.Debug|Any CPU.Build.0 = Debug|Any CPU
		{7294EF4D-CC6F-4F80-B44E-1F17D3F85D54}.Release|Any CPU.ActiveCfg = Release|Any CPU
		{7294EF4D-CC6F-4F80-B44E-1F17D3F85D54}.Release|Any CPU.Build.0 = Release|Any CPU
		{9994944A-9B64-48D3-BD7D-3BC1AB9C44CF}.Debug|Any CPU.ActiveCfg = Debug|Any CPU
		{9994944A-9B64-48D3-BD7D-3BC1AB9C44CF}.Debug|Any CPU.Build.0 = Debug|Any CPU
		{9994944A-9B64-48D3-BD7D-3BC1AB9C44CF}.Release|Any CPU.ActiveCfg = Release|Any CPU
		{9994944A-9B64-48D3-BD7D-3BC1AB9C44CF}.Release|Any CPU.Build.0 = Release|Any CPU
		{61E1C9BE-5FB6-46CB-8760-95CDA07E131B}.Debug|Any CPU.ActiveCfg = Debug|Any CPU
		{61E1C9BE-5FB6-46CB-8760-95CDA07E131B}.Debug|Any CPU.Build.0 = Debug|Any CPU
		{61E1C9BE-5FB6-46CB-8760-95CDA07E131B}.Release|Any CPU.ActiveCfg = Release|Any CPU
		{61E1C9BE-5FB6-46CB-8760-95CDA07E131B}.Release|Any CPU.Build.0 = Release|Any CPU
		{A04FF16C-9779-49FB-AC59-D4B6C30EFE2E}.Debug|Any CPU.ActiveCfg = Debug|Any CPU
		{A04FF16C-9779-49FB-AC59-D4B6C30EFE2E}.Debug|Any CPU.Build.0 = Debug|Any CPU
		{A04FF16C-9779-49FB-AC59-D4B6C30EFE2E}.Release|Any CPU.ActiveCfg = Release|Any CPU
		{A04FF16C-9779-49FB-AC59-D4B6C30EFE2E}.Release|Any CPU.Build.0 = Release|Any CPU
	EndGlobalSection
	GlobalSection(SolutionProperties) = preSolution
		HideSolutionNode = FALSE
	EndGlobalSection
	GlobalSection(ExtensibilityGlobals) = postSolution
		SolutionGuid = {FDBE1793-C1C7-4510-957C-9B3FCEAA65A3}
	EndGlobalSection
EndGlobal
